{
    "_readme": [
        "This file locks the dependencies of your project to a known state",
        "Read more about it at https://getcomposer.org/doc/01-basic-usage.md#installing-dependencies",
        "This file is @generated automatically"
    ],
    "content-hash": "4e2c78322313609a04d10ac04423011c",
    "packages": [
        {
            "name": "bcosca/fatfree-core",
            "version": "3.7.0",
            "source": {
                "type": "git",
                "url": "https://github.com/bcosca/fatfree-core.git",
                "reference": "20245caf8bf6d70dcf669c75ed308d3b7d9f7927"
            },
            "dist": {
                "type": "zip",
                "url": "https://api.github.com/repos/bcosca/fatfree-core/zipball/20245caf8bf6d70dcf669c75ed308d3b7d9f7927",
                "reference": "20245caf8bf6d70dcf669c75ed308d3b7d9f7927",
                "shasum": ""
            },
            "require": {
                "php": ">=5.4"
            },
            "type": "library",
            "autoload": {
                "classmap": [
                    "."
                ]
            },
            "notification-url": "https://packagist.org/downloads/",
            "license": [
                "GPL-3.0"
            ],
            "description": "A powerful yet easy-to-use PHP micro-framework designed to help you build dynamic and robust Web applications - fast!",
            "homepage": "http://fatfreeframework.com/",
            "time": "2019-11-26T11:58:06+00:00"
        },
        {
            "name": "erusev/parsedown",
            "version": "1.7.3",
            "source": {
                "type": "git",
                "url": "https://github.com/erusev/parsedown.git",
                "reference": "6d893938171a817f4e9bc9e86f2da1e370b7bcd7"
            },
            "dist": {
                "type": "zip",
                "url": "https://api.github.com/repos/erusev/parsedown/zipball/6d893938171a817f4e9bc9e86f2da1e370b7bcd7",
                "reference": "6d893938171a817f4e9bc9e86f2da1e370b7bcd7",
                "shasum": ""
            },
            "require": {
                "ext-mbstring": "*",
                "php": ">=5.3.0"
            },
            "require-dev": {
                "phpunit/phpunit": "^4.8.35"
            },
            "type": "library",
            "autoload": {
                "psr-0": {
                    "Parsedown": ""
                }
            },
            "notification-url": "https://packagist.org/downloads/",
            "license": [
                "MIT"
            ],
            "authors": [
                {
                    "name": "Emanuil Rusev",
                    "email": "hello@erusev.com",
                    "homepage": "http://erusev.com"
                }
            ],
            "description": "Parser for Markdown.",
            "homepage": "http://parsedown.org",
            "keywords": [
                "markdown",
                "parser"
            ],
            "time": "2019-03-17T18:48:37+00:00"
        },
        {
            "name": "ircmaxell/password-compat",
            "version": "v1.0.4",
            "source": {
                "type": "git",
                "url": "https://github.com/ircmaxell/password_compat.git",
                "reference": "5c5cde8822a69545767f7c7f3058cb15ff84614c"
            },
            "dist": {
                "type": "zip",
                "url": "https://api.github.com/repos/ircmaxell/password_compat/zipball/5c5cde8822a69545767f7c7f3058cb15ff84614c",
                "reference": "5c5cde8822a69545767f7c7f3058cb15ff84614c",
                "shasum": ""
            },
            "require-dev": {
                "phpunit/phpunit": "4.*"
            },
            "type": "library",
            "autoload": {
                "files": [
                    "lib/password.php"
                ]
            },
            "notification-url": "https://packagist.org/downloads/",
            "license": [
                "MIT"
            ],
            "authors": [
                {
                    "name": "Anthony Ferrara",
                    "email": "ircmaxell@php.net",
                    "homepage": "http://blog.ircmaxell.com"
                }
            ],
            "description": "A compatibility library for the proposed simplified password hashing algorithm: https://wiki.php.net/rfc/password_hash",
            "homepage": "https://github.com/ircmaxell/password_compat",
            "keywords": [
                "hashing",
                "password"
            ],
            "time": "2014-11-20T16:49:30+00:00"
        },
        {
            "name": "neos/diff",
            "version": "4.3.7",
            "source": {
                "type": "git",
                "url": "https://github.com/neos/diff.git",
                "reference": "c2e0739e53599da3616ba81be5260797ed5277e0"
            },
            "dist": {
                "type": "zip",
                "url": "https://api.github.com/repos/neos/diff/zipball/c2e0739e53599da3616ba81be5260797ed5277e0",
                "reference": "c2e0739e53599da3616ba81be5260797ed5277e0",
                "shasum": ""
            },
            "require": {
                "php": "^7.0"
            },
            "type": "neos-package",
            "autoload": {
                "psr-4": {
                    "Neos\\Diff\\": "Classes"
                }
            },
            "notification-url": "https://packagist.org/downloads/",
            "license": [
                "BSD-3-Clause"
            ],
            "description": "This is a comprehensive library for generating differences between two strings or arrays",
            "time": "2019-09-11T06:47:59+00:00"
        },
        {
            "name": "netcarver/textile",
            "version": "v3.7.3",
            "source": {
                "type": "git",
                "url": "https://github.com/textile/php-textile.git",
                "reference": "e7c94c4bb531bc83d18c50d7dbbc604fa4f1b00f"
            },
            "dist": {
                "type": "zip",
                "url": "https://api.github.com/repos/textile/php-textile/zipball/e7c94c4bb531bc83d18c50d7dbbc604fa4f1b00f",
                "reference": "e7c94c4bb531bc83d18c50d7dbbc604fa4f1b00f",
                "shasum": ""
            },
            "require": {
                "php": ">=5.3.0"
            },
            "require-dev": {
                "php-coveralls/php-coveralls": "2.1.*",
                "phpunit/phpunit": "5.7.*",
                "squizlabs/php_codesniffer": "3.*",
                "symfony/yaml": "2.4.*"
            },
            "type": "library",
            "extra": {
                "branch-alias": {
                    "dev-master": "3.7-dev"
                }
            },
            "autoload": {
                "psr-4": {
                    "Netcarver\\Textile\\": "src/Netcarver/Textile/"
                }
            },
            "notification-url": "https://packagist.org/downloads/",
            "license": [
                "BSD-3-Clause"
            ],
            "description": "Textile markup language parser",
            "homepage": "https://github.com/textile/php-textile",
            "keywords": [
                "document",
                "format",
                "html",
                "language",
                "markup",
                "parser",
                "php-textile",
                "plaintext",
                "textile"
            ],
            "time": "2019-08-30T18:41:02+00:00"
        },
        {
            "name": "paragonie/random_compat",
            "version": "v9.99.99",
            "source": {
                "type": "git",
                "url": "https://github.com/paragonie/random_compat.git",
                "reference": "84b4dfb120c6f9b4ff7b3685f9b8f1aa365a0c95"
            },
            "dist": {
                "type": "zip",
                "url": "https://api.github.com/repos/paragonie/random_compat/zipball/84b4dfb120c6f9b4ff7b3685f9b8f1aa365a0c95",
                "reference": "84b4dfb120c6f9b4ff7b3685f9b8f1aa365a0c95",
                "shasum": ""
            },
            "require": {
                "php": "^7"
            },
            "require-dev": {
                "phpunit/phpunit": "4.*|5.*",
                "vimeo/psalm": "^1"
            },
            "suggest": {
                "ext-libsodium": "Provides a modern crypto API that can be used to generate random bytes."
            },
            "type": "library",
            "notification-url": "https://packagist.org/downloads/",
            "license": [
                "MIT"
            ],
            "authors": [
                {
                    "name": "Paragon Initiative Enterprises",
                    "email": "security@paragonie.com",
                    "homepage": "https://paragonie.com"
                }
            ],
            "description": "PHP 5.x polyfill for random_bytes() and random_int() from PHP 7",
            "keywords": [
                "csprng",
                "polyfill",
                "pseudorandom",
                "random"
            ],
            "time": "2018-07-02T15:55:56+00:00"
        },
        {
            "name": "symfony/intl",
            "version": "v3.4.35",
            "source": {
                "type": "git",
                "url": "https://github.com/symfony/intl.git",
                "reference": "3f40bc99590a5f2bb125d8f3c88ac0b9a0a2ee1b"
            },
            "dist": {
                "type": "zip",
                "url": "https://api.github.com/repos/symfony/intl/zipball/3f40bc99590a5f2bb125d8f3c88ac0b9a0a2ee1b",
                "reference": "3f40bc99590a5f2bb125d8f3c88ac0b9a0a2ee1b",
                "shasum": ""
            },
            "require": {
                "php": "^5.5.9|>=7.0.8",
                "symfony/polyfill-intl-icu": "~1.0"
            },
            "require-dev": {
                "symfony/filesystem": "~2.8|~3.0|~4.0"
            },
            "suggest": {
                "ext-intl": "to use the component with locales other than \"en\""
            },
            "type": "library",
            "extra": {
                "branch-alias": {
                    "dev-master": "3.4-dev"
                }
            },
            "autoload": {
                "psr-4": {
                    "Symfony\\Component\\Intl\\": ""
                },
                "classmap": [
                    "Resources/stubs"
                ],
                "exclude-from-classmap": [
                    "/Tests/"
                ]
            },
            "notification-url": "https://packagist.org/downloads/",
            "license": [
                "MIT"
            ],
            "authors": [
                {
                    "name": "Bernhard Schussek",
                    "email": "bschussek@gmail.com"
                },
                {
                    "name": "Eriksen Costa",
                    "email": "eriksen.costa@infranology.com.br"
                },
                {
                    "name": "Igor Wiedler",
                    "email": "igor@wiedler.ch"
                },
                {
                    "name": "Symfony Community",
                    "homepage": "https://symfony.com/contributors"
                }
            ],
            "description": "A PHP replacement layer for the C intl extension that includes additional data from the ICU library.",
            "homepage": "https://symfony.com",
            "keywords": [
                "i18n",
                "icu",
                "internationalization",
                "intl",
                "l10n",
                "localization"
            ],
            "time": "2019-10-04T18:48:33+00:00"
        },
        {
            "name": "symfony/polyfill",
            "version": "v1.12.0",
            "source": {
                "type": "git",
                "url": "https://github.com/symfony/polyfill.git",
                "reference": "e110fdfc055b47447c4f46e76d6eca83055e9a7a"
            },
            "dist": {
                "type": "zip",
                "url": "https://api.github.com/repos/symfony/polyfill/zipball/e110fdfc055b47447c4f46e76d6eca83055e9a7a",
                "reference": "e110fdfc055b47447c4f46e76d6eca83055e9a7a",
                "shasum": ""
            },
            "require": {
                "ircmaxell/password-compat": "~1.0",
                "paragonie/random_compat": "~1.0|~2.0|~9.99",
                "php": ">=5.3.3",
                "symfony/intl": "~2.3|~3.0|~4.0|~5.0"
            },
            "replace": {
                "symfony/polyfill-apcu": "self.version",
                "symfony/polyfill-ctype": "self.version",
                "symfony/polyfill-iconv": "self.version",
                "symfony/polyfill-intl-grapheme": "self.version",
                "symfony/polyfill-intl-icu": "self.version",
                "symfony/polyfill-intl-idn": "self.version",
                "symfony/polyfill-intl-messageformatter": "self.version",
                "symfony/polyfill-intl-normalizer": "self.version",
                "symfony/polyfill-mbstring": "self.version",
                "symfony/polyfill-php54": "self.version",
                "symfony/polyfill-php55": "self.version",
                "symfony/polyfill-php56": "self.version",
                "symfony/polyfill-php70": "self.version",
                "symfony/polyfill-php71": "self.version",
                "symfony/polyfill-php72": "self.version",
                "symfony/polyfill-php73": "self.version",
                "symfony/polyfill-php74": "self.version",
                "symfony/polyfill-util": "self.version",
                "symfony/polyfill-xml": "self.version"
            },
            "require-dev": {
                "symfony/phpunit-bridge": "~3.2"
            },
            "type": "library",
            "extra": {
                "branch-alias": {
                    "dev-master": "1.12-dev"
                }
            },
            "autoload": {
                "psr-4": {
                    "Symfony\\Polyfill\\": "src/"
                },
                "files": [
                    "src/Apcu/bootstrap.php",
                    "src/Ctype/bootstrap.php",
                    "src/Php54/bootstrap.php",
                    "src/Php55/bootstrap.php",
                    "src/Php56/bootstrap.php",
                    "src/Php70/bootstrap.php",
                    "src/Php71/bootstrap.php",
                    "src/Php72/bootstrap.php",
                    "src/Php73/bootstrap.php",
                    "src/Php74/bootstrap.php",
                    "src/Iconv/bootstrap.php",
                    "src/Intl/Grapheme/bootstrap.php",
                    "src/Intl/Idn/bootstrap.php",
                    "src/Intl/Icu/bootstrap.php",
                    "src/Intl/MessageFormatter/bootstrap.php",
                    "src/Intl/Normalizer/bootstrap.php",
                    "src/Mbstring/bootstrap.php"
                ],
                "classmap": [
                    "src/Intl/MessageFormatter/Resources/stubs",
                    "src/Intl/Normalizer/Resources/stubs",
                    "src/Php73/Resources/stubs",
                    "src/Php70/Resources/stubs",
                    "src/Php54/Resources/stubs"
                ]
            },
            "notification-url": "https://packagist.org/downloads/",
            "license": [
                "MIT"
            ],
            "authors": [
                {
                    "name": "Nicolas Grekas",
                    "email": "p@tchwork.com"
                },
                {
                    "name": "Symfony Community",
                    "homepage": "https://symfony.com/contributors"
                }
            ],
            "description": "Symfony polyfills backporting features to lower PHP versions",
            "homepage": "https://symfony.com",
            "keywords": [
                "compat",
                "compatibility",
                "polyfill",
                "shim"
            ],
            "time": "2019-08-06T08:03:45+00:00"
        },
        {
            "name": "voku/anti-xss",
            "version": "4.1.19",
            "source": {
                "type": "git",
                "url": "https://github.com/voku/anti-xss.git",
                "reference": "8acdad8a3ad4c70d04cd6925811b28d06d776ca1"
            },
            "dist": {
                "type": "zip",
                "url": "https://api.github.com/repos/voku/anti-xss/zipball/8acdad8a3ad4c70d04cd6925811b28d06d776ca1",
                "reference": "8acdad8a3ad4c70d04cd6925811b28d06d776ca1",
                "shasum": ""
            },
            "require": {
                "php": ">=7.0.0",
                "voku/portable-utf8": "~5.4.25"
            },
            "require-dev": {
                "phpunit/phpunit": "~6.0 || ~7.0"
            },
            "type": "library",
            "extra": {
                "branch-alias": {
                    "dev-master": "4.1.x-dev"
                }
            },
            "autoload": {
                "psr-4": {
                    "voku\\helper\\": "src/voku/helper/"
                }
            },
            "notification-url": "https://packagist.org/downloads/",
            "license": [
                "MIT"
            ],
            "authors": [
                {
                    "name": "EllisLab Dev Team",
                    "homepage": "http://ellislab.com/"
                },
                {
                    "name": "Lars Moelleken",
                    "email": "lars@moelleken.org",
                    "homepage": "http://www.moelleken.org/"
                }
            ],
            "description": "anti xss-library",
            "homepage": "https://github.com/voku/anti-xss",
            "keywords": [
                "anti-xss",
                "clean",
                "security",
                "xss"
            ],
            "time": "2019-11-11T14:48:30+00:00"
        },
        {
            "name": "voku/portable-ascii",
            "version": "1.3.5",
            "source": {
                "type": "git",
                "url": "https://github.com/voku/portable-ascii.git",
                "reference": "056000d679a44b06ee61a63114f587cde066b1a8"
            },
            "dist": {
                "type": "zip",
                "url": "https://api.github.com/repos/voku/portable-ascii/zipball/056000d679a44b06ee61a63114f587cde066b1a8",
                "reference": "056000d679a44b06ee61a63114f587cde066b1a8",
                "shasum": ""
            },
            "require": {
                "php": ">=7.0.0"
            },
            "require-dev": {
                "phpunit/phpunit": "~6.0 || ~7.0"
            },
            "suggest": {
                "ext-intl": "Use Intl for transliterator_transliterate() support"
            },
            "type": "library",
            "autoload": {
                "psr-4": {
                    "voku\\": "src/voku/",
                    "voku\\tests\\": "tests/"
                }
            },
            "notification-url": "https://packagist.org/downloads/",
            "license": [
                "MIT"
            ],
            "authors": [
                {
                    "name": "Lars Moelleken",
                    "homepage": "http://www.moelleken.org/"
                }
            ],
            "description": "Portable ASCII library - performance optimized (ascii) string functions for php.",
            "homepage": "https://github.com/voku/portable-ascii",
            "keywords": [
                "ascii",
                "clean",
                "php"
            ],
            "time": "2019-11-11T16:55:47+00:00"
        },
        {
            "name": "voku/portable-utf8",
            "version": "5.4.28",
            "source": {
                "type": "git",
                "url": "https://github.com/voku/portable-utf8.git",
                "reference": "f1b08aa203cb4731a5c4c9d9328b6fc329341acf"
            },
            "dist": {
                "type": "zip",
                "url": "https://api.github.com/repos/voku/portable-utf8/zipball/f1b08aa203cb4731a5c4c9d9328b6fc329341acf",
                "reference": "f1b08aa203cb4731a5c4c9d9328b6fc329341acf",
                "shasum": ""
            },
            "require": {
                "php": ">=7.0.0",
                "symfony/polyfill-iconv": "~1.0",
                "symfony/polyfill-intl-grapheme": "~1.0",
                "symfony/polyfill-intl-normalizer": "~1.0",
                "symfony/polyfill-mbstring": "~1.0",
                "symfony/polyfill-php72": "~1.0",
                "voku/portable-ascii": "~1.3"
            },
            "require-dev": {
                "phpunit/phpunit": "~6.0 || ~7.0"
            },
            "suggest": {
                "ext-ctype": "Use Ctype for e.g. hexadecimal digit detection",
                "ext-fileinfo": "Use Fileinfo for better binary file detection",
                "ext-iconv": "Use iconv for best performance",
                "ext-intl": "Use Intl for best performance",
                "ext-json": "Use JSON for string detection",
                "ext-mbstring": "Use Mbstring for best performance"
            },
            "type": "library",
            "autoload": {
                "psr-4": {
                    "voku\\": "src/voku/",
                    "voku\\tests\\": "tests/"
                },
                "files": [
                    "bootstrap.php"
                ]
            },
            "notification-url": "https://packagist.org/downloads/",
            "license": [
                "(Apache-2.0 or GPL-2.0)"
            ],
            "authors": [
                {
                    "name": "Nicolas Grekas",
                    "email": "p@tchwork.com"
                },
                {
                    "name": "Hamid Sarfraz",
                    "homepage": "http://pageconfig.com/"
                },
                {
                    "name": "Lars Moelleken",
                    "homepage": "http://www.moelleken.org/"
                }
            ],
            "description": "Portable UTF-8 library - performance optimized (unicode) string functions for php.",
            "homepage": "https://github.com/voku/portable-utf8",
            "keywords": [
                "UTF",
                "clean",
                "php",
                "unicode",
                "utf-8",
                "utf8"
            ],
            "time": "2019-11-17T21:08:41+00:00"
        }
    ],
    "packages-dev": [],
    "aliases": [],
    "minimum-stability": "stable",
    "stability-flags": [],
    "prefer-stable": false,
    "prefer-lowest": false,
    "platform": {
        "php": ">=7.0.0"
    },
    "platform-dev": [],
    "platform-overrides": {
        "php": "7.0.33"
    }
}
